
Microsoft Visual Studio Solution File, Format Version 12.00
# Visual Studio Version 16
VisualStudioVersion = 16.0.29609.76
MinimumVisualStudioVersion = 10.0.40219.1
Project("{9A19103F-16F7-4668-BE54-9A1E7A4F7556}") = "DrySelCore", "DrySelCore\DrySelCore.csproj", "{91B157ED-3E37-4CD1-8705-E919176DAA2A}"
EndProject
Project("{FAE04EC0-301F-11D3-BF4B-00C04F79EFBC}") = "DrySelJSON", "DrySelJSON\DrySelJSON.csproj", "{26C1FF72-7590-45DE-940C-68CCBF482B33}"
EndProject
Global
	GlobalSection(SolutionConfigurationPlatforms) = preSolution
		Debug|Any CPU = Debug|Any CPU
		Release|Any CPU = Release|Any CPU
	EndGlobalSection
	GlobalSection(ProjectConfigurationPlatforms) = postSolution
		{91B157ED-3E37-4CD1-8705-E919176DAA2A}.Debug|Any CPU.ActiveCfg = Debug|Any CPU
		{91B157ED-3E37-4CD1-8705-E919176DAA2A}.Debug|Any CPU.Build.0 = Debug|Any CPU
		{91B157ED-3E37-4CD1-8705-E919176DAA2A}.Release|Any CPU.ActiveCfg = Release|Any CPU
		{91B157ED-3E37-4CD1-8705-E919176DAA2A}.Release|Any CPU.Build.0 = Release|Any CPU
		{26C1FF72-7590-45DE-940C-68CCBF482B33}.Debug|Any CPU.ActiveCfg = Debug|Any CPU
		{26C1FF72-7590-45DE-940C-68CCBF482B33}.Debug|Any CPU.Build.0 = Debug|Any CPU
		{26C1FF72-7590-45DE-940C-68CCBF482B33}.Release|Any CPU.ActiveCfg = Release|Any CPU
		{26C1FF72-7590-45DE-940C-68CCBF482B33}.Release|Any CPU.Build.0 = Release|Any CPU
	EndGlobalSection
	GlobalSection(SolutionProperties) = preSolution
		HideSolutionNode = FALSE
	EndGlobalSection
	GlobalSection(ExtensibilityGlobals) = postSolution
		SolutionGuid = {156A0E0A-7B7C-42AB-971D-2E6A312DC15D}
	EndGlobalSection
EndGlobal
